
Microsoft Visual Studio Solution File, Format Version 12.00
# Visual Studio Version 17
VisualStudioVersion = 17.9.34728.123
MinimumVisualStudioVersion = 10.0.40219.1
Project("{FAE04EC0-301F-11D3-BF4B-00C04F79EFBC}") = "blocksecurit", "blocksecurit.csproj", "{CFB0595C-7B3B-4283-9379-063031220650}"
EndProject
Project("{FAE04EC0-301F-11D3-BF4B-00C04F79EFBC}") = "ClassLibrary1", "..\ClassLibrary1\ClassLibrary1.csproj", "{7850649A-9701-41A8-B2F8-03A32D7F8763}"
EndProject
Global
	GlobalSection(SolutionConfigurationPlatforms) = preSolution
		Debug|Any CPU = Debug|Any CPU
		Release|Any CPU = Release|Any CPU
	EndGlobalSection
	GlobalSection(ProjectConfigurationPlatforms) = postSolution
		{CFB0595C-7B3B-4283-9379-063031220650}.Debug|Any CPU.ActiveCfg = Debug|Any CPU
		{CFB0595C-7B3B-4283-9379-063031220650}.Debug|Any CPU.Build.0 = Debug|Any CPU
		{CFB0595C-7B3B-4283-9379-063031220650}.Release|Any CPU.ActiveCfg = Release|Any CPU
		{CFB0595C-7B3B-4283-9379-063031220650}.Release|Any CPU.Build.0 = Release|Any CPU
		{7850649A-9701-41A8-B2F8-03A32D7F8763}.Debug|Any CPU.ActiveCfg = Debug|Any CPU
		{7850649A-9701-41A8-B2F8-03A32D7F8763}.Debug|Any CPU.Build.0 = Debug|Any CPU
		{7850649A-9701-41A8-B2F8-03A32D7F8763}.Release|Any CPU.ActiveCfg = Release|Any CPU
		{7850649A-9701-41A8-B2F8-03A32D7F8763}.Release|Any CPU.Build.0 = Release|Any CPU
	EndGlobalSection
	GlobalSection(SolutionProperties) = preSolution
		HideSolutionNode = FALSE
	EndGlobalSection
	GlobalSection(ExtensibilityGlobals) = postSolution
		SolutionGuid = {D623046E-25F9-4899-98D9-27AD6B4BEA4B}
	EndGlobalSection
EndGlobal
